
Microsoft Visual Studio Solution File, Format Version 12.00
# Visual Studio Version 16
VisualStudioVersion = 16.0.30503.244
MinimumVisualStudioVersion = 10.0.40219.1
Project("{FAE04EC0-301F-11D3-BF4B-00C04F79EFBC}") = "WebApplication4", "WebApplication4.csproj", "{BF868B28-CD3F-4928-A97C-4CC48B686949}"
EndProject
Global
	GlobalSection(SolutionConfigurationPlatforms) = preSolution
		Debug|Any CPU = Debug|Any CPU
		Release|Any CPU = Release|Any CPU
	EndGlobalSection
	GlobalSection(ProjectConfigurationPlatforms) = postSolution
		{BF868B28-CD3F-4928-A97C-4CC48B686949}.Debug|Any CPU.ActiveCfg = Debug|Any CPU
		{BF868B28-CD3F-4928-A97C-4CC48B686949}.Debug|Any CPU.Build.0 = Debug|Any CPU
		{BF868B28-CD3F-4928-A97C-4CC48B686949}.Release|Any CPU.ActiveCfg = Release|Any CPU
		{BF868B28-CD3F-4928-A97C-4CC48B686949}.Release|Any CPU.Build.0 = Release|Any CPU
	EndGlobalSection
	GlobalSection(SolutionProperties) = preSolution
		HideSolutionNode = FALSE
	EndGlobalSection
	GlobalSection(ExtensibilityGlobals) = postSolution
		SolutionGuid = {1F4578DA-1185-4411-B5DB-B7244BC126C8}
	EndGlobalSection
EndGlobal
